
Microsoft Visual Studio Solution File, Format Version 12.00
# Visual Studio 15
VisualStudioVersion = 15.0.27428.2037
MinimumVisualStudioVersion = 10.0.40219.1
Project("{FAE04EC0-301F-11D3-BF4B-00C04F79EFBC}") = "ConsoleApp34", "ConsoleApp34\ConsoleApp34.csproj", "{F0D78666-9DB9-4741-BDC1-557D0FD4E70F}"
EndProject
Project("{FAE04EC0-301F-11D3-BF4B-00C04F79EFBC}") = "XUnitTestProject1", "XUnitTestProject1\XUnitTestProject1.csproj", "{6E5593A8-02C0-4024-B5FE-67F16F0C5AE6}"
EndProject
Global
	GlobalSection(SolutionConfigurationPlatforms) = preSolution
		Debug|Any CPU = Debug|Any CPU
		Release|Any CPU = Release|Any CPU
	EndGlobalSection
	GlobalSection(ProjectConfigurationPlatforms) = postSolution
		{F0D78666-9DB9-4741-BDC1-557D0FD4E70F}.Debug|Any CPU.ActiveCfg = Debug|Any CPU
		{F0D78666-9DB9-4741-BDC1-557D0FD4E70F}.Debug|Any CPU.Build.0 = Debug|Any CPU
		{F0D78666-9DB9-4741-BDC1-557D0FD4E70F}.Release|Any CPU.ActiveCfg = Release|Any CPU
		{F0D78666-9DB9-4741-BDC1-557D0FD4E70F}.Release|Any CPU.Build.0 = Release|Any CPU
		{6E5593A8-02C0-4024-B5FE-67F16F0C5AE6}.Debug|Any CPU.ActiveCfg = Debug|Any CPU
		{6E5593A8-02C0-4024-B5FE-67F16F0C5AE6}.Debug|Any CPU.Build.0 = Debug|Any CPU
		{6E5593A8-02C0-4024-B5FE-67F16F0C5AE6}.Release|Any CPU.ActiveCfg = Release|Any CPU
		{6E5593A8-02C0-4024-B5FE-67F16F0C5AE6}.Release|Any CPU.Build.0 = Release|Any CPU
	EndGlobalSection
	GlobalSection(SolutionProperties) = preSolution
		HideSolutionNode = FALSE
	EndGlobalSection
	GlobalSection(ExtensibilityGlobals) = postSolution
		SolutionGuid = {EC3351EF-210B-4127-88C4-168CC6208CF3}
	EndGlobalSection
EndGlobal
